# THIS IS AN AUTOGENERATED FILE. DO NOT EDIT THIS FILE DIRECTLY.
# yarn lockfile v1


"@babel/polyfill@^7.0.0-beta.52":
  version "7.4.0"
  resolved "https://registry.yarnpkg.com/@babel/polyfill/-/polyfill-7.4.0.tgz#90f9d68ae34ac42ab4b4aa03151848f536960218"
  dependencies:
    core-js "^2.6.5"
    regenerator-runtime "^0.13.2"

"@masaeedu/adt@^1.0.3", "@masaeedu/adt@^1.1.0":
  version "1.1.0"
  resolved "https://registry.yarnpkg.com/@masaeedu/adt/-/adt-1.1.0.tgz#11273ad28eef92def5420cbd99f799a5b7bd30d5"

"@masaeedu/do@^0.0.1":
  version "0.0.1"
  resolved "https://registry.yarnpkg.com/@masaeedu/do/-/do-0.0.1.tgz#ce35ee8c728238e5db2b069a8e4501afe05e48f2"

"@masaeedu/fp@https://github.com/masaeedu/fp.git#dev":
  version "8.0.0"
  resolved "https://github.com/masaeedu/fp.git#2ffb75d6a56b589b696a3f482a54a70f95c2bd8b"
  dependencies:
    "@babel/polyfill" "^7.0.0-beta.52"
    "@masaeedu/adt" "^1.0.3"
    "@masaeedu/do" "^0.0.1"
    "@masaeedu/infix" "^1.2.0"
    natch "^1.1.1"

"@masaeedu/infix@^1.2.0":
  version "1.2.0"
  resolved "https://registry.yarnpkg.com/@masaeedu/infix/-/infix-1.2.0.tgz#3ca1265db27da4a8e02785035430b6dead16ec3a"

core-js@^2.6.5:
  version "2.6.5"
  resolved "https://registry.yarnpkg.com/core-js/-/core-js-2.6.5.tgz#44bc8d249e7fb2ff5d00e0341a7ffb94fbf67895"

nanoparsec@^1.4.0:
  version "1.4.0"
  resolved "https://registry.yarnpkg.com/nanoparsec/-/nanoparsec-1.4.0.tgz#3cc8efd5ca14bf2a943ea0da65af35e0753516e6"
  dependencies:
    "@masaeedu/fp" "https://github.com/masaeedu/fp.git#dev"

natch@^1.1.1:
  version "1.1.1"
  resolved "https://registry.yarnpkg.com/natch/-/natch-1.1.1.tgz#ef20fd67fe2e3c4ff3c4e6634dacb43c0637ec33"

regenerator-runtime@^0.13.2:
  version "0.13.2"
  resolved "https://registry.yarnpkg.com/regenerator-runtime/-/regenerator-runtime-0.13.2.tgz#32e59c9a6fb9b1a4aff09b4930ca2d4477343447"
